
Microsoft Visual Studio Solution File, Format Version 12.00
# Visual Studio Version 16
VisualStudioVersion = 16.0.29209.62
MinimumVisualStudioVersion = 10.0.40219.1
Project("{FAE04EC0-301F-11D3-BF4B-00C04F79EFBC}") = "PictureProc", "PictureProc.csproj", "{642EFCF1-616C-4AB1-89C4-8A7A93D71B3B}"
EndProject
Global
	GlobalSection(SolutionConfigurationPlatforms) = preSolution
		Debug|Any CPU = Debug|Any CPU
		Release|Any CPU = Release|Any CPU
	EndGlobalSection
	GlobalSection(ProjectConfigurationPlatforms) = postSolution
		{642EFCF1-616C-4AB1-89C4-8A7A93D71B3B}.Debug|Any CPU.ActiveCfg = Debug|Any CPU
		{642EFCF1-616C-4AB1-89C4-8A7A93D71B3B}.Debug|Any CPU.Build.0 = Debug|Any CPU
		{642EFCF1-616C-4AB1-89C4-8A7A93D71B3B}.Release|Any CPU.ActiveCfg = Release|Any CPU
		{642EFCF1-616C-4AB1-89C4-8A7A93D71B3B}.Release|Any CPU.Build.0 = Release|Any CPU
	EndGlobalSection
	GlobalSection(SolutionProperties) = preSolution
		HideSolutionNode = FALSE
	EndGlobalSection
	GlobalSection(ExtensibilityGlobals) = postSolution
		SolutionGuid = {FE204DF9-89CF-4A22-811B-9B18684EE01C}
	EndGlobalSection
EndGlobal
